{
  "name": "Piano Chord Classifier",
  "lockfileVersion": 3,
  "requires": true,
  "packages": {
    "": {
      "dependencies": {
        "@breezystack/lamejs": "^1.2.7",
        "abcjs": "^6.5.1",
        "extendable-media-recorder": "^9.2.28"
      }
    },
    "node_modules/@babel/runtime": {
      "version": "7.28.3",
      "resolved": "https://registry.npmjs.org/@babel/runtime/-/runtime-7.28.3.tgz",
      "integrity": "sha512-9uIQ10o0WGdpP6GDhXcdOJPJuDgFtIDtN/9+ArJQ2NAfAmiuhTQdzkaTGR33v43GYS2UrSA0eX2pPPHoFVvpxA==",
      "engines": {
        "node": ">=6.9.0"
      }
    },
    "node_modules/@breezystack/lamejs": {
      "version": "1.2.7",
      "resolved": "https://registry.npmjs.org/@breezystack/lamejs/-/lamejs-1.2.7.tgz",
      "integrity": "sha512-6wc7ck65ctA75Hq7FYHTtTvGnYs6msgdxiSUICQ+A01nVOWg6rqouZB8IdyteRlfpYYiFovkf67dIeOgWIUzTA=="
    },
    "node_modules/abcjs": {
      "version": "6.5.1",
      "resolved": "https://registry.npmjs.org/abcjs/-/abcjs-6.5.1.tgz",
      "integrity": "sha512-kv/VEB8W0JyB1u9BmW4CXiQU225B/EeXXFhtTUtasHVJ+qDTvn3U6sEtnHzl8sRmrQiMRV/EgUTNUu7hXnm1pQ==",
      "funding": {
        "type": "github",
        "url": "https://github.com/sponsors/paulrosen"
      }
    },
    "node_modules/automation-events": {
      "version": "7.1.11",
      "resolved": "https://registry.npmjs.org/automation-events/-/automation-events-7.1.11.tgz",
      "integrity": "sha512-TnclbJ0482ydRenzrR9FIbqalHScBBdQTIXv8tVunhYx8dq7E0Eq5v5CSAo67YmLXNbx5jCstHcLZDJ33iONDw==",
      "dependencies": {
        "@babel/runtime": "^7.27.6",
        "tslib": "^2.8.1"
      },
      "engines": {
        "node": ">=18.2.0"
      }
    },
    "node_modules/broker-factory": {
      "version": "3.1.8",
      "resolved": "https://registry.npmjs.org/broker-factory/-/broker-factory-3.1.8.tgz",
      "integrity": "sha512-xmVnYN0FZtynhPUmAnN+/MFRdbDi3syCuxWV7o7s78FcIN0pjDtn9mUrVqEgdjQkbfojRhlPWbYbXJkMCyddrg==",
      "dependencies": {
        "@babel/runtime": "^7.27.6",
        "fast-unique-numbers": "^9.0.22",
        "tslib": "^2.8.1",
        "worker-factory": "^7.0.44"
      }
    },
    "node_modules/extendable-media-recorder": {
      "version": "9.2.28",
      "resolved": "https://registry.npmjs.org/extendable-media-recorder/-/extendable-media-recorder-9.2.28.tgz",
      "integrity": "sha512-OIltlqo8rIUOcPn5c6aZ0qCvcTpXDnBgts8eRXK1VQKCI1omYBgZZyzkJ5vrQnB8xR34+GNOFs1Z+srq6tQsdQ==",
      "dependencies": {
        "@babel/runtime": "^7.27.6",
        "media-encoder-host": "^9.0.21",
        "multi-buffer-data-view": "^6.0.22",
        "recorder-audio-worklet": "^6.0.49",
        "standardized-audio-context": "^25.3.77",
        "subscribable-things": "^2.1.53",
        "tslib": "^2.8.1"
      }
    },
    "node_modules/extendable-media-recorder-wav-encoder-broker": {
      "version": "7.0.120",
      "resolved": "https://registry.npmjs.org/extendable-media-recorder-wav-encoder-broker/-/extendable-media-recorder-wav-encoder-broker-7.0.120.tgz",
      "integrity": "sha512-wYRnDsHngGGR7LnEfl+tkNa7ck31KSV3PzqGLMCeKRmr02OrYxJUKyCeYf79TEe8O0EFtlBGBR9fiAj6OGDOhg==",
      "dependencies": {
        "@babel/runtime": "^7.27.6",
        "broker-factory": "^3.1.8",
        "extendable-media-recorder-wav-encoder-worker": "^8.0.117",
        "tslib": "^2.8.1"
      }
    },
    "node_modules/extendable-media-recorder-wav-encoder-worker": {
      "version": "8.0.117",
      "resolved": "https://registry.npmjs.org/extendable-media-recorder-wav-encoder-worker/-/extendable-media-recorder-wav-encoder-worker-8.0.117.tgz",
      "integrity": "sha512-rnlIPkMB5F2sslesLXLdJ/Z0Kes4ROtdr+Kf/a6aF3233oJWK7165krWNZP5gpKZ4Z5Lhjx4fxVB12exZvlb2g==",
      "dependencies": {
        "@babel/runtime": "^7.27.6",
        "tslib": "^2.8.1",
        "worker-factory": "^7.0.44"
      }
    },
    "node_modules/fast-unique-numbers": {
      "version": "9.0.22",
      "resolved": "https://registry.npmjs.org/fast-unique-numbers/-/fast-unique-numbers-9.0.22.tgz",
      "integrity": "sha512-dBR+30yHAqBGvOuxxQdnn2lTLHCO6r/9B+M4yF8mNrzr3u1yiF+YVJ6u3GTyPN/VRWqaE1FcscZDdBgVKmrmQQ==",
      "dependencies": {
        "@babel/runtime": "^7.27.6",
        "tslib": "^2.8.1"
      },
      "engines": {
        "node": ">=18.2.0"
      }
    },
    "node_modules/media-encoder-host": {
      "version": "9.0.21",
      "resolved": "https://registry.npmjs.org/media-encoder-host/-/media-encoder-host-9.0.21.tgz",
      "integrity": "sha512-hL41jBYmTKxGB2Z82rcR2hx4JCFBR3fmSOLR+G7EEkZn+uwSXDJTRFiYd7XWKnpjiHXy7ewf0ByEpby+2mv4Qg==",
      "dependencies": {
        "@babel/runtime": "^7.27.6",
        "media-encoder-host-broker": "^8.0.20",
        "media-encoder-host-worker": "^10.0.20",
        "tslib": "^2.8.1"
      }
    },
    "node_modules/media-encoder-host-broker": {
      "version": "8.0.20",
      "resolved": "https://registry.npmjs.org/media-encoder-host-broker/-/media-encoder-host-broker-8.0.20.tgz",
      "integrity": "sha512-Jab7frQx8d7Js+yBeMx7FeTrxRDjIpSmdARRkHSOtWNKJv9a+Hy2/OAPXoEJl6Y15jk1eiDwJkMMF6zvlnNMEA==",
      "dependencies": {
        "@babel/runtime": "^7.27.6",
        "broker-factory": "^3.1.8",
        "fast-unique-numbers": "^9.0.22",
        "media-encoder-host-worker": "^10.0.20",
        "tslib": "^2.8.1"
      }
    },
    "node_modules/media-encoder-host-worker": {
      "version": "10.0.20",
      "resolved": "https://registry.npmjs.org/media-encoder-host-worker/-/media-encoder-host-worker-10.0.20.tgz",
      "integrity": "sha512-Ysqjwlcu4VP6FlM+atQJZFFJwvfrw603gnmhWfyBlcE5+pl7ctc0wo2dbPiBpz9pc1pY4N5N6PHHhywkqHxfnA==",
      "dependencies": {
        "@babel/runtime": "^7.27.6",
        "extendable-media-recorder-wav-encoder-broker": "^7.0.120",
        "tslib": "^2.8.1",
        "worker-factory": "^7.0.44"
      }
    },
    "node_modules/multi-buffer-data-view": {
      "version": "6.0.22",
      "resolved": "https://registry.npmjs.org/multi-buffer-data-view/-/multi-buffer-data-view-6.0.22.tgz",
      "integrity": "sha512-SsI/exkodHsh+ofCV7An2PZWRaJC7eFVl7gtHQlMWFEDmWtb7cELr/GK32Nhe/6dZQhbr81o+Moswx9aXN3RRg==",
      "dependencies": {
        "@babel/runtime": "^7.27.6",
        "tslib": "^2.8.1"
      },
      "engines": {
        "node": ">=18.2.0"
      }
    },
    "node_modules/recorder-audio-worklet": {
      "version": "6.0.49",
      "resolved": "https://registry.npmjs.org/recorder-audio-worklet/-/recorder-audio-worklet-6.0.49.tgz",
      "integrity": "sha512-JLKSKh5rAWxReHqca/f3h9L8pzBF1KnB+N2oIP2jkTD37n2yupkCazKD2f20pUOGkaX6AJG998gtKNCHYJn4nw==",
      "dependencies": {
        "@babel/runtime": "^7.27.6",
        "broker-factory": "^3.1.8",
        "fast-unique-numbers": "^9.0.22",
        "recorder-audio-worklet-processor": "^5.0.35",
        "standardized-audio-context": "^25.3.77",
        "subscribable-things": "^2.1.53",
        "tslib": "^2.8.1",
        "worker-factory": "^7.0.44"
      }
    },
    "node_modules/recorder-audio-worklet-processor": {
      "version": "5.0.35",
      "resolved": "https://registry.npmjs.org/recorder-audio-worklet-processor/-/recorder-audio-worklet-processor-5.0.35.tgz",
      "integrity": "sha512-5Nzbk/6QzC3QFQ1EG2SE34c1ygLE22lIOvLyjy7N6XxE/jpAZrL4e7xR+yihiTaG3ajiWy6UjqL4XEBMM9ahFQ==",
      "dependencies": {
        "@babel/runtime": "^7.27.6",
        "tslib": "^2.8.1"
      }
    },
    "node_modules/rxjs-interop": {
      "version": "2.0.0",
      "resolved": "https://registry.npmjs.org/rxjs-interop/-/rxjs-interop-2.0.0.tgz",
      "integrity": "sha512-ASEq9atUw7lualXB+knvgtvwkCEvGWV2gDD/8qnASzBkzEARZck9JAyxmY8OS6Nc1pCPEgDTKNcx+YqqYfzArw=="
    },
    "node_modules/standardized-audio-context": {
      "version": "25.3.77",
      "resolved": "https://registry.npmjs.org/standardized-audio-context/-/standardized-audio-context-25.3.77.tgz",
      "integrity": "sha512-Ki9zNz6pKcC5Pi+QPjPyVsD9GwJIJWgryji0XL9cAJXMGyn+dPOf6Qik1AHei0+UNVcc4BOCa0hWLBzlwqsW/A==",
      "dependencies": {
        "@babel/runtime": "^7.25.6",
        "automation-events": "^7.0.9",
        "tslib": "^2.7.0"
      }
    },
    "node_modules/subscribable-things": {
      "version": "2.1.53",
      "resolved": "https://registry.npmjs.org/subscribable-things/-/subscribable-things-2.1.53.tgz",
      "integrity": "sha512-zWvN9F/eYQWDKszXl4NXkyqPXvMDZDmXfcHiM5C5WQZTTY2OK+2TZeDlA9oio69FEPqPu9T6yeEcAhQ2uRmnaw==",
      "dependencies": {
        "@babel/runtime": "^7.27.6",
        "rxjs-interop": "^2.0.0",
        "tslib": "^2.8.1"
      }
    },
    "node_modules/tslib": {
      "version": "2.8.1",
      "resolved": "https://registry.npmjs.org/tslib/-/tslib-2.8.1.tgz",
      "integrity": "sha512-oJFu94HQb+KVduSUQL7wnpmqnfmLsOA/nAh6b6EH0wCEoK0/mPeXU6c3wKDV83MkOuHPRHtSXKKU99IBazS/2w=="
    },
    "node_modules/worker-factory": {
      "version": "7.0.44",
      "resolved": "https://registry.npmjs.org/worker-factory/-/worker-factory-7.0.44.tgz",
      "integrity": "sha512-08AuUfWi+KeZI+KC7nU4pU/9tDeAFvE5NSWk+K9nIfuQc6UlOsZtjjeGVYVEn+DEchyXNJ5i10HCn0xRzFXEQA==",
      "dependencies": {
        "@babel/runtime": "^7.27.6",
        "fast-unique-numbers": "^9.0.22",
        "tslib": "^2.8.1"
      }
    }
  }
}
