{
  "name": "Piano Chord Classifier",
  "lockfileVersion": 3,
  "requires": true,
  "packages": {
    "": {
      "dependencies": {
        "abcjs": "^6.5.1"
      }
    },
    "node_modules/abcjs": {
      "version": "6.5.1",
      "resolved": "https://registry.npmjs.org/abcjs/-/abcjs-6.5.1.tgz",
      "integrity": "sha512-kv/VEB8W0JyB1u9BmW4CXiQU225B/EeXXFhtTUtasHVJ+qDTvn3U6sEtnHzl8sRmrQiMRV/EgUTNUu7hXnm1pQ==",
      "funding": {
        "type": "github",
        "url": "https://github.com/sponsors/paulrosen"
      }
    }
  }
}
